
Microsoft Visual Studio Solution File, Format Version 12.00
# Visual Studio Version 16
VisualStudioVersion = 16.0.30523.141
MinimumVisualStudioVersion = 10.0.40219.1
Project("{FAE04EC0-301F-11D3-BF4B-00C04F79EFBC}") = "Interfata_Variante_1_10", "Interfata_Variante_1_10\Interfata_Variante_1_10.csproj", "{226CA7C0-7375-410A-A612-ADD980020617}"
EndProject
Global
	GlobalSection(SolutionConfigurationPlatforms) = preSolution
		Debug|Any CPU = Debug|Any CPU
		Release|Any CPU = Release|Any CPU
	EndGlobalSection
	GlobalSection(ProjectConfigurationPlatforms) = postSolution
		{226CA7C0-7375-410A-A612-ADD980020617}.Debug|Any CPU.ActiveCfg = Debug|Any CPU
		{226CA7C0-7375-410A-A612-ADD980020617}.Debug|Any CPU.Build.0 = Debug|Any CPU
		{226CA7C0-7375-410A-A612-ADD980020617}.Release|Any CPU.ActiveCfg = Release|Any CPU
		{226CA7C0-7375-410A-A612-ADD980020617}.Release|Any CPU.Build.0 = Release|Any CPU
	EndGlobalSection
	GlobalSection(SolutionProperties) = preSolution
		HideSolutionNode = FALSE
	EndGlobalSection
	GlobalSection(ExtensibilityGlobals) = postSolution
		SolutionGuid = {CFCA3F5B-2252-4404-9E8C-F5ADF5A88E48}
	EndGlobalSection
EndGlobal
